<?xml version="1.0" encoding="utf-8"?>
<Project ToolsVersion="4.0" xmlns="http://schemas.microsoft.com/developer/msbuild/2003">
  <ItemGroup>
    <Filter Include="src">
      <UniqueIdentifier>{b3f72fa4-e028-4797-ba7d-6ce0c20e6694}</UniqueIdentifier>
    </Filter>
    <Filter Include="shader">
      <UniqueIdentifier>{ff6ab70e-1855-452e-bc4e-ec4242f17869}</UniqueIdentifier>
    </Filter>
    <Filter Include="extern">
      <UniqueIdentifier>{79109a21-18d0-4b3f-a545-8ea0a5ad2f20}</UniqueIdentifier>
    </Filter>
    <Filter Include="extern\inc">
      <UniqueIdentifier>{0ffc5490-e3b9-4210-82e8-7a178ca1c364}</UniqueIdentifier>
    </Filter>
    <Filter Include="extern\inc\GL">
      <UniqueIdentifier>{983d8475-ba3a-4da9-b09d-5eb6f131836c}</UniqueIdentifier>
    </Filter>
    <Filter Include="cgm">
      <UniqueIdentifier>{fdcf4e09-d935-45fc-95d6-6ae0f4712b50}</UniqueIdentifier>
    </Filter>
    <Filter Include="base">
      <UniqueIdentifier>{7fb99727-f535-4f58-9b9f-a54e88d50f2c}</UniqueIdentifier>
    </Filter>
  </ItemGroup>
  <ItemGroup>
    <ClInclude Include="..\extern\inc\GL\freeglut.h">
      <Filter>extern\inc\GL</Filter>
    </ClInclude>
    <ClInclude Include="..\extern\inc\GL\freeglut_ext.h">
      <Filter>extern\inc\GL</Filter>
    </ClInclude>
    <ClInclude Include="..\extern\inc\GL\freeglut_std.h">
      <Filter>extern\inc\GL</Filter>
    </ClInclude>
    <ClInclude Include="..\extern\inc\GL\glew.h">
      <Filter>extern\inc\GL</Filter>
    </ClInclude>
    <ClInclude Include="..\extern\inc\GL\glut.h">
      <Filter>extern\inc\GL</Filter>
    </ClInclude>
    <ClInclude Include="..\extern\inc\GL\glxew.h">
      <Filter>extern\inc\GL</Filter>
    </ClInclude>
    <ClInclude Include="..\extern\inc\GL\wglew.h">
      <Filter>extern\inc\GL</Filter>
    </ClInclude>
    <ClInclude Include="..\cgm\base.h">
      <Filter>cgm</Filter>
    </ClInclude>
    <ClInclude Include="..\cgm\cell.h">
      <Filter>cgm</Filter>
    </ClInclude>
    <ClInclude Include="..\cgm\lightning_tree.h">
      <Filter>cgm</Filter>
    </ClInclude>
    <ClInclude Include="..\cgm\cgm_map.h">
      <Filter>cgm</Filter>
    </ClInclude>
    <ClInclude Include="..\cgm\cgm_solver.h">
      <Filter>cgm</Filter>
    </ClInclude>
    <ClInclude Include="..\base\Base.h">
      <Filter>base</Filter>
    </ClInclude>
    <ClInclude Include="..\base\CheckError.h">
      <Filter>base</Filter>
    </ClInclude>
    <ClInclude Include="..\base\Mesh.h">
      <Filter>base</Filter>
    </ClInclude>
    <ClInclude Include="..\base\Shader.h">
      <Filter>base</Filter>
    </ClInclude>
  </ItemGroup>
  <ItemGroup>
    <ClCompile Include="..\cgm\cell.cpp">
      <Filter>cgm</Filter>
    </ClCompile>
    <ClCompile Include="..\cgm\lightning_tree.cpp">
      <Filter>cgm</Filter>
    </ClCompile>
    <ClCompile Include="src\TKMain.cpp">
      <Filter>src</Filter>
    </ClCompile>
    <ClCompile Include="..\cgm\cgm_map.cpp">
      <Filter>cgm</Filter>
    </ClCompile>
    <ClCompile Include="..\cgm\cgm_solver.cpp">
      <Filter>cgm</Filter>
    </ClCompile>
    <ClCompile Include="..\base\Mesh.cpp">
      <Filter>base</Filter>
    </ClCompile>
    <ClCompile Include="..\base\Shader.cpp">
      <Filter>base</Filter>
    </ClCompile>
  </ItemGroup>
  <ItemGroup>
    <None Include="shader\fragment.glsl">
      <Filter>shader</Filter>
    </None>
    <None Include="shader\vertex.glsl">
      <Filter>shader</Filter>
    </None>
  </ItemGroup>
</Project>